
Microsoft Visual Studio Solution File, Format Version 11.00
# Visual Studio 2010
Project("{F184B08F-C81C-45F6-A57F-5ABD9991F28F}") = "HIGHESTOFTWO", "HIGHESTOFTWO\HIGHESTOFTWO.vbproj", "{766037BC-4926-4F53-8BD3-107738BFEC93}"
EndProject
Global
	GlobalSection(SolutionConfigurationPlatforms) = preSolution
		Debug|x86 = Debug|x86
		Release|x86 = Release|x86
	EndGlobalSection
	GlobalSection(ProjectConfigurationPlatforms) = postSolution
		{766037BC-4926-4F53-8BD3-107738BFEC93}.Debug|x86.ActiveCfg = Debug|x86
		{766037BC-4926-4F53-8BD3-107738BFEC93}.Debug|x86.Build.0 = Debug|x86
		{766037BC-4926-4F53-8BD3-107738BFEC93}.Release|x86.ActiveCfg = Release|x86
		{766037BC-4926-4F53-8BD3-107738BFEC93}.Release|x86.Build.0 = Release|x86
	EndGlobalSection
	GlobalSection(SolutionProperties) = preSolution
		HideSolutionNode = FALSE
	EndGlobalSection
EndGlobal
